# This file is automatically @generated by Poetry 1.8.4 and should not be changed by hand.

[[package]]
name = "aiofile"
version = "3.9.0"
description = "Asynchronous file operations."
optional = false
python-versions = "<4,>=3.8"
files = [
    {file = "aiofile-3.9.0-py3-none-any.whl", hash = "sha256:ce2f6c1571538cbdfa0143b04e16b208ecb0e9cb4148e528af8a640ed51cc8aa"},
    {file = "aiofile-3.9.0.tar.gz", hash = "sha256:e5ad718bb148b265b6df1b3752c4d1d83024b93da9bd599df74b9d9ffcf7919b"},
]

[package.dependencies]
caio = ">=0.9.0,<0.10.0"

[[package]]
name = "aiofiles"
version = "24.1.0"
description = "File support for asyncio."
optional = false
python-versions = ">=3.8"
files = [
    {file = "aiofiles-24.1.0-py3-none-any.whl", hash = "sha256:b4ec55f4195e3eb5d7abd1bf7e061763e864dd4954231fb8539a0ef8bb8260e5"},
    {file = "aiofiles-24.1.0.tar.gz", hash = "sha256:22a075c9e5a3810f0c2e48f3008c94d68c65d763b9b03857924c99e57355166c"},
]

[[package]]
name = "aiopath"
version = "0.7.7"
description = "📁 Async pathlib for Python"
optional = false
python-versions = ">=3.12"
files = [
    {file = "aiopath-0.7.7-py2.py3-none-any.whl", hash = "sha256:cd5d18de8ede167e1db659f02ee448fe085f923cb8e194407ccc568bffc4fe4e"},
    {file = "aiopath-0.7.7.tar.gz", hash = "sha256:ad4b9d09ae08ddf6d39dd06e7b0a353939e89528da571c0cd4f3fe071aefad4f"},
]

[package.dependencies]
aiofile = ">=3.8.8,<4"
anyio = ">=4.0.0,<5"

[[package]]
name = "aioshutil"
version = "1.5"
description = "Asynchronous shutil module."
optional = false
python-versions = ">=3.8"
files = [
    {file = "aioshutil-1.5-py3-none-any.whl", hash = "sha256:bc2a6cdcf1a8615b62f856154fd81131031d03f2834912ebb06d8a2391253652"},
    {file = "aioshutil-1.5.tar.gz", hash = "sha256:2756d6cd3bb03405dc7348ac11a0b60eb949ebd63cdd15f56e922410231c1201"},
]

[[package]]
name = "anyio"
version = "4.6.2.post1"
description = "High level compatibility layer for multiple asynchronous event loop implementations"
optional = false
python-versions = ">=3.9"
files = [
    {file = "anyio-4.6.2.post1-py3-none-any.whl", hash = "sha256:6d170c36fba3bdd840c73d3868c1e777e33676a69c3a72cf0a0d5d6d8009b61d"},
    {file = "anyio-4.6.2.post1.tar.gz", hash = "sha256:4c8bc31ccdb51c7f7bd251f51c609e038d63e34219b44aa86e47576389880b4c"},
]

[package.dependencies]
idna = ">=2.8"
sniffio = ">=1.1"

[package.extras]
doc = ["Sphinx (>=7.4,<8.0)", "packaging", "sphinx-autodoc-typehints (>=1.2.0)", "sphinx-rtd-theme"]
test = ["anyio[trio]", "coverage[toml] (>=7)", "exceptiongroup (>=1.2.0)", "hypothesis (>=4.0)", "psutil (>=5.9)", "pytest (>=7.0)", "pytest-mock (>=3.6.1)", "trustme", "truststore (>=0.9.1)", "uvloop (>=0.21.0b1)"]
trio = ["trio (>=0.26.1)"]

[[package]]
name = "caio"
version = "0.9.17"
description = "Asynchronous file IO for Linux MacOS or Windows."
optional = false
python-versions = "<4,>=3.7"
files = [
    {file = "caio-0.9.17-cp310-cp310-macosx_10_9_universal2.whl", hash = "sha256:3f69395fdd45c115b2ef59732e3c8664722a2b51de2d6eedb3d354b2f5f3be3c"},
    {file = "caio-0.9.17-cp310-cp310-manylinux_2_12_x86_64.manylinux2010_x86_64.manylinux_2_17_x86_64.manylinux2014_x86_64.whl", hash = "sha256:3028b746e9ec7f6d6ebb386a7fd8caf0eebed5d6e6b4f18c8ef25861934b1673"},
    {file = "caio-0.9.17-cp311-cp311-macosx_10_9_universal2.whl", hash = "sha256:079730a353bbde03796fab681e969472eace09ffbe5000e584868a7fe389ba6f"},
    {file = "caio-0.9.17-cp311-cp311-manylinux_2_12_x86_64.manylinux2010_x86_64.manylinux_2_17_x86_64.manylinux2014_x86_64.whl", hash = "sha256:549caa51b475877fe32856a26fe937366ae7a1c23a9727005b441db9abb12bcc"},
    {file = "caio-0.9.17-cp312-cp312-macosx_10_9_universal2.whl", hash = "sha256:0ddb253b145a53ecca76381677ce465bc5efeaecb6aaf493fac43ae79659f0fb"},
    {file = "caio-0.9.17-cp312-cp312-manylinux_2_12_x86_64.manylinux2010_x86_64.manylinux_2_17_x86_64.manylinux2014_x86_64.whl", hash = "sha256:b3e320b0ea371c810359934f8e8fe81777c493cc5fb4d41de44277cbe7336e74"},
    {file = "caio-0.9.17-cp38-cp38-macosx_11_0_universal2.whl", hash = "sha256:a39a49e279f82aa022f0786339d45d9550b5aa3e46eec7d08e0f351c503df0a5"},
    {file = "caio-0.9.17-cp38-cp38-manylinux_2_12_x86_64.manylinux2010_x86_64.manylinux_2_17_x86_64.manylinux2014_x86_64.whl", hash = "sha256:b3e96925b9f15f43e6ef1d42a83edfd937eb11a984cb6ef7c10527e963595497"},
    {file = "caio-0.9.17-cp39-cp39-macosx_10_9_universal2.whl", hash = "sha256:fca916240597005d2b734f1442fa3c3cfb612bf46e0978b5232e5492a371de38"},
    {file = "caio-0.9.17-cp39-cp39-manylinux_2_12_x86_64.manylinux2010_x86_64.manylinux_2_17_x86_64.manylinux2014_x86_64.whl", hash = "sha256:40bd0afbd3491d1e407bcf74e3a9e9cc67a7f290ed29518325194184d63cc2b6"},
    {file = "caio-0.9.17-py3-none-any.whl", hash = "sha256:c55d4dc6b3a36f93237ecd6360e1c131c3808bc47d4191a130148a99b80bb311"},
    {file = "caio-0.9.17.tar.gz", hash = "sha256:8f30511526814d961aeef389ea6885273abe6c655f1e08abbadb95d12fdd9b4f"},
]

[package.extras]
develop = ["aiomisc-pytest", "pytest", "pytest-cov"]

[[package]]
name = "idna"
version = "3.10"
description = "Internationalized Domain Names in Applications (IDNA)"
optional = false
python-versions = ">=3.6"
files = [
    {file = "idna-3.10-py3-none-any.whl", hash = "sha256:946d195a0d259cbba61165e88e65941f16e9b36ea6ddb97f00452bae8b1287d3"},
    {file = "idna-3.10.tar.gz", hash = "sha256:12f65c9b470abda6dc35cf8e63cc574b1c52b11df2c86030af0ac09b01b13ea9"},
]

[package.extras]
all = ["flake8 (>=7.1.1)", "mypy (>=1.11.2)", "pytest (>=8.3.2)", "ruff (>=0.6.2)"]

[[package]]
name = "sniffio"
version = "1.3.1"
description = "Sniff out which async library your code is running under"
optional = false
python-versions = ">=3.7"
files = [
    {file = "sniffio-1.3.1-py3-none-any.whl", hash = "sha256:2f6da418d1f1e0fddd844478f41680e794e6051915791a034ff65e5f100525a2"},
    {file = "sniffio-1.3.1.tar.gz", hash = "sha256:f4324edc670a0f49750a81b895f35c3adb843cca46f0530f79fc1babb23789dc"},
]

[metadata]
lock-version = "2.0"
python-versions = "^3.13"
content-hash = "67a4022bdeba9749401e9eff1173e356c0e70175d98637a3a2a2eb73a0a8783b"
